dependencies:
- name: loki
  repository: oci://ghcr.io/grafana-community/helm-charts
  version: 17.4.1
- name: kube-prometheus-stack
  repository: https://prometheus-community.github.io/helm-charts
  version: 86.2.3
digest: sha256:eecf9a412b94c2213f4a1e85958add82f18bdd02e43c8f37d479dbb5478e8d1b
generated: "2026-06-15T12:24:59.579642+01:00"
