dependencies:
- name: loki
  repository: oci://ghcr.io/grafana-community/helm-charts
  version: 17.4.1
- name: kube-prometheus-stack
  repository: https://prometheus-community.github.io/helm-charts
  version: 87.10.1
- name: prometheus-blackbox-exporter
  repository: https://prometheus-community.github.io/helm-charts
  version: 11.15.1
digest: sha256:12d2fa9a4fab637f9a0dafc6c0f276011f52442afc395c9ea8bae3bc84fd04f9
generated: "2026-07-06T19:08:14.293743+01:00"
